
Microsoft Visual Studio Solution File, Format Version 12.00
# Visual Studio Version 17
VisualStudioVersion = 17.0.32112.339
MinimumVisualStudioVersion = 10.0.40219.1
Project("{9A19103F-16F7-4668-BE54-9A1E7A4F7556}") = "SystemTrayMenu", "SystemTrayMenu.csproj", "{F317AF2E-9704-4A2A-BDAE-B4662ED9483B}"
EndProject
Project("{2150E333-8FDC-42A3-9474-1A3956D46DE8}") = "SystemTrayMenuDocuments", "SystemTrayMenuDocuments", "{FA49BF01-9C05-4750-85DF-319F6ECCE506}"
	ProjectSection(SolutionItems) = preProject
		CODE_OF_CONDUCT.md = CODE_OF_CONDUCT.md
		CONTRIBUTING.md = CONTRIBUTING.md
		LICENSE = LICENSE
		mails Antivirus.txt = mails Antivirus.txt
		README.md = README.md
		ReadMe.txt = ReadMe.txt
	EndProjectSection
EndProject
Project("{C7167F0D-BC9F-4E6E-AFE1-012C56B48DB5}") = "Packaging", "Packaging\Packaging.wapproj", "{01D77F37-786A-4DC4-A1AD-BC1EEC54EAE3}"
EndProject
Project("{2150E333-8FDC-42A3-9474-1A3956D46DE8}") = "Solution Items", "Solution Items", "{D34D9392-6592-4F44-B8D4-1781502FE7E6}"
	ProjectSection(SolutionItems) = preProject
		.editorconfig = .editorconfig
	EndProjectSection
EndProject
Global
	GlobalSection(SolutionConfigurationPlatforms) = preSolution
		Debug|Any CPU = Debug|Any CPU
		Debug|x64 = Debug|x64
		Debug|x86 = Debug|x86
		Release|Any CPU = Release|Any CPU
		Release|x64 = Release|x64
		Release|x86 = Release|x86
		ReleasePackage|Any CPU = ReleasePackage|Any CPU
		ReleasePackage|x64 = ReleasePackage|x64
		ReleasePackage|x86 = ReleasePackage|x86
	EndGlobalSection
	GlobalSection(ProjectConfigurationPlatforms) = postSolution
		{F317AF2E-9704-4A2A-BDAE-B4662ED9483B}.Debug|Any CPU.ActiveCfg = Debug|Any CPU
		{F317AF2E-9704-4A2A-BDAE-B4662ED9483B}.Debug|Any CPU.Build.0 = Debug|Any CPU
		{F317AF2E-9704-4A2A-BDAE-B4662ED9483B}.Debug|x64.ActiveCfg = Debug|x64
		{F317AF2E-9704-4A2A-BDAE-B4662ED9483B}.Debug|x64.Build.0 = Debug|x64
		{F317AF2E-9704-4A2A-BDAE-B4662ED9483B}.Debug|x86.ActiveCfg = Debug|x86
		{F317AF2E-9704-4A2A-BDAE-B4662ED9483B}.Debug|x86.Build.0 = Debug|x86
		{F317AF2E-9704-4A2A-BDAE-B4662ED9483B}.Release|Any CPU.ActiveCfg = Release|Any CPU
		{F317AF2E-9704-4A2A-BDAE-B4662ED9483B}.Release|Any CPU.Build.0 = Release|Any CPU
		{F317AF2E-9704-4A2A-BDAE-B4662ED9483B}.Release|x64.ActiveCfg = Release|x64
		{F317AF2E-9704-4A2A-BDAE-B4662ED9483B}.Release|x64.Build.0 = Release|x64
		{F317AF2E-9704-4A2A-BDAE-B4662ED9483B}.Release|x86.ActiveCfg = Release|x86
		{F317AF2E-9704-4A2A-BDAE-B4662ED9483B}.Release|x86.Build.0 = Release|x86
		{F317AF2E-9704-4A2A-BDAE-B4662ED9483B}.ReleasePackage|Any CPU.ActiveCfg = ReleasePackage|Any CPU
		{F317AF2E-9704-4A2A-BDAE-B4662ED9483B}.ReleasePackage|Any CPU.Build.0 = ReleasePackage|Any CPU
		{F317AF2E-9704-4A2A-BDAE-B4662ED9483B}.ReleasePackage|x64.ActiveCfg = ReleasePackage|x64
		{F317AF2E-9704-4A2A-BDAE-B4662ED9483B}.ReleasePackage|x64.Build.0 = ReleasePackage|x64
		{F317AF2E-9704-4A2A-BDAE-B4662ED9483B}.ReleasePackage|x86.ActiveCfg = ReleasePackage|x86
		{F317AF2E-9704-4A2A-BDAE-B4662ED9483B}.ReleasePackage|x86.Build.0 = ReleasePackage|x86
		{01D77F37-786A-4DC4-A1AD-BC1EEC54EAE3}.Debug|Any CPU.ActiveCfg = Debug|Any CPU
		{01D77F37-786A-4DC4-A1AD-BC1EEC54EAE3}.Debug|x64.ActiveCfg = Debug|x64
		{01D77F37-786A-4DC4-A1AD-BC1EEC54EAE3}.Debug|x86.ActiveCfg = Debug|x86
		{01D77F37-786A-4DC4-A1AD-BC1EEC54EAE3}.Release|Any CPU.ActiveCfg = Release|Any CPU
		{01D77F37-786A-4DC4-A1AD-BC1EEC54EAE3}.Release|x64.ActiveCfg = Release|x64
		{01D77F37-786A-4DC4-A1AD-BC1EEC54EAE3}.Release|x86.ActiveCfg = Release|x86
		{01D77F37-786A-4DC4-A1AD-BC1EEC54EAE3}.ReleasePackage|Any CPU.ActiveCfg = ReleasePackage|Any CPU
		{01D77F37-786A-4DC4-A1AD-BC1EEC54EAE3}.ReleasePackage|Any CPU.Build.0 = ReleasePackage|Any CPU
		{01D77F37-786A-4DC4-A1AD-BC1EEC54EAE3}.ReleasePackage|Any CPU.Deploy.0 = ReleasePackage|Any CPU
		{01D77F37-786A-4DC4-A1AD-BC1EEC54EAE3}.ReleasePackage|x64.ActiveCfg = ReleasePackage|x64
		{01D77F37-786A-4DC4-A1AD-BC1EEC54EAE3}.ReleasePackage|x64.Build.0 = ReleasePackage|x64
		{01D77F37-786A-4DC4-A1AD-BC1EEC54EAE3}.ReleasePackage|x64.Deploy.0 = ReleasePackage|x64
		{01D77F37-786A-4DC4-A1AD-BC1EEC54EAE3}.ReleasePackage|x86.ActiveCfg = ReleasePackage|x86
		{01D77F37-786A-4DC4-A1AD-BC1EEC54EAE3}.ReleasePackage|x86.Build.0 = ReleasePackage|x86
		{01D77F37-786A-4DC4-A1AD-BC1EEC54EAE3}.ReleasePackage|x86.Deploy.0 = ReleasePackage|x86
	EndGlobalSection
	GlobalSection(SolutionProperties) = preSolution
		HideSolutionNode = FALSE
	EndGlobalSection
	GlobalSection(ExtensibilityGlobals) = postSolution
		SolutionGuid = {ECA870FE-709A-4EC0-9F28-206977283A13}
	EndGlobalSection
EndGlobal
